# This file is @generated by PDM.
# It is not intended for manual editing.

[metadata]
groups = ["default"]
strategy = ["inherit_metadata"]
lock_version = "4.5.0"
content_hash = "sha256:5293800bc3fdcaea08bfbff69158bce9c677dbab82648a64ab95c0aef6a32e7b"

[[metadata.targets]]
requires_python = "==3.13.*"

[[package]]
name = "numpy"
version = "2.2.5"
requires_python = ">=3.10"
summary = "Fundamental package for array computing in Python"
groups = ["default"]
files = [
    {file = "numpy-2.2.5-cp313-cp313-macosx_10_13_x86_64.whl", hash = "sha256:059b51b658f4414fff78c6d7b1b4e18283ab5fa56d270ff212d5ba0c561846f4"},
    {file = "numpy-2.2.5-cp313-cp313-macosx_11_0_arm64.whl", hash = "sha256:47f9ed103af0bc63182609044b0490747e03bd20a67e391192dde119bf43d52f"},
    {file = "numpy-2.2.5-cp313-cp313-macosx_14_0_arm64.whl", hash = "sha256:261a1ef047751bb02f29dfe337230b5882b54521ca121fc7f62668133cb119c9"},
    {file = "numpy-2.2.5-cp313-cp313-macosx_14_0_x86_64.whl", hash = "sha256:4520caa3807c1ceb005d125a75e715567806fed67e315cea619d5ec6e75a4191"},
    {file = "numpy-2.2.5-cp313-cp313-manylinux_2_17_aarch64.manylinux2014_aarch64.whl", hash = "sha256:3d14b17b9be5f9c9301f43d2e2a4886a33b53f4e6fdf9ca2f4cc60aeeee76372"},
    {file = "numpy-2.2.5-cp313-cp313-manylinux_2_17_x86_64.manylinux2014_x86_64.whl", hash = "sha256:2ba321813a00e508d5421104464510cc962a6f791aa2fca1c97b1e65027da80d"},
    {file = "numpy-2.2.5-cp313-cp313-musllinux_1_2_aarch64.whl", hash = "sha256:a4cbdef3ddf777423060c6f81b5694bad2dc9675f110c4b2a60dc0181543fac7"},
    {file = "numpy-2.2.5-cp313-cp313-musllinux_1_2_x86_64.whl", hash = "sha256:54088a5a147ab71a8e7fdfd8c3601972751ded0739c6b696ad9cb0343e21ab73"},
    {file = "numpy-2.2.5-cp313-cp313-win32.whl", hash = "sha256:c8b82a55ef86a2d8e81b63da85e55f5537d2157165be1cb2ce7cfa57b6aef38b"},
    {file = "numpy-2.2.5-cp313-cp313-win_amd64.whl", hash = "sha256:d8882a829fd779f0f43998e931c466802a77ca1ee0fe25a3abe50278616b1471"},
    {file = "numpy-2.2.5-cp313-cp313t-macosx_10_13_x86_64.whl", hash = "sha256:e8b025c351b9f0e8b5436cf28a07fa4ac0204d67b38f01433ac7f9b870fa38c6"},
    {file = "numpy-2.2.5-cp313-cp313t-macosx_11_0_arm64.whl", hash = "sha256:8dfa94b6a4374e7851bbb6f35e6ded2120b752b063e6acdd3157e4d2bb922eba"},
    {file = "numpy-2.2.5-cp313-cp313t-macosx_14_0_arm64.whl", hash = "sha256:97c8425d4e26437e65e1d189d22dff4a079b747ff9c2788057bfb8114ce1e133"},
    {file = "numpy-2.2.5-cp313-cp313t-macosx_14_0_x86_64.whl", hash = "sha256:352d330048c055ea6db701130abc48a21bec690a8d38f8284e00fab256dc1376"},
    {file = "numpy-2.2.5-cp313-cp313t-manylinux_2_17_aarch64.manylinux2014_aarch64.whl", hash = "sha256:8b4c0773b6ada798f51f0f8e30c054d32304ccc6e9c5d93d46cb26f3d385ab19"},
    {file = "numpy-2.2.5-cp313-cp313t-manylinux_2_17_x86_64.manylinux2014_x86_64.whl", hash = "sha256:55f09e00d4dccd76b179c0f18a44f041e5332fd0e022886ba1c0bbf3ea4a18d0"},
    {file = "numpy-2.2.5-cp313-cp313t-musllinux_1_2_aarch64.whl", hash = "sha256:02f226baeefa68f7d579e213d0f3493496397d8f1cff5e2b222af274c86a552a"},
    {file = "numpy-2.2.5-cp313-cp313t-musllinux_1_2_x86_64.whl", hash = "sha256:c26843fd58f65da9491165072da2cccc372530681de481ef670dcc8e27cfb066"},
    {file = "numpy-2.2.5-cp313-cp313t-win32.whl", hash = "sha256:1a161c2c79ab30fe4501d5a2bbfe8b162490757cf90b7f05be8b80bc02f7bb8e"},
    {file = "numpy-2.2.5-cp313-cp313t-win_amd64.whl", hash = "sha256:d403c84991b5ad291d3809bace5e85f4bbf44a04bdc9a88ed2bb1807b3360bb8"},
    {file = "numpy-2.2.5.tar.gz", hash = "sha256:a9c0d994680cd991b1cb772e8b297340085466a6fe964bc9d4e80f5e2f43c291"},
]
